
Microsoft Visual Studio Solution File, Format Version 12.00
# Visual Studio 15
VisualStudioVersion = 15.0.27703.2042
MinimumVisualStudioVersion = 10.0.40219.1
Project("{FAE04EC0-301F-11D3-BF4B-00C04F79EFBC}") = "CSharp7_5_Liked_Features", "CSharp7_5_Liked_Features.csproj", "{F2CAD8D7-0220-48FB-8E6F-0FA6BCB57BAB}"
EndProject
Global
	GlobalSection(SolutionConfigurationPlatforms) = preSolution
		Debug|Any CPU = Debug|Any CPU
		Release|Any CPU = Release|Any CPU
	EndGlobalSection
	GlobalSection(ProjectConfigurationPlatforms) = postSolution
		{F2CAD8D7-0220-48FB-8E6F-0FA6BCB57BAB}.Debug|Any CPU.ActiveCfg = Debug|Any CPU
		{F2CAD8D7-0220-48FB-8E6F-0FA6BCB57BAB}.Debug|Any CPU.Build.0 = Debug|Any CPU
		{F2CAD8D7-0220-48FB-8E6F-0FA6BCB57BAB}.Release|Any CPU.ActiveCfg = Release|Any CPU
		{F2CAD8D7-0220-48FB-8E6F-0FA6BCB57BAB}.Release|Any CPU.Build.0 = Release|Any CPU
	EndGlobalSection
	GlobalSection(SolutionProperties) = preSolution
		HideSolutionNode = FALSE
	EndGlobalSection
	GlobalSection(ExtensibilityGlobals) = postSolution
		SolutionGuid = {34E2F4FE-D25B-4D83-9168-B22C5B7BBD12}
	EndGlobalSection
EndGlobal
